# This file is automatically @generated by Cargo.
# It is not intended for manual editing.
version = 4

[[package]]
name = "adler2"
version = "2.0.1"
source = "registry+https://github.com/rust-lang/crates.io-index"
checksum = "320119579fcad9c21884f5c4861d16174d0e06250625266f50fe6898340abefa"

[[package]]
name = "images"
version = "0.1.0"
dependencies = [
 "pix",
 "png_pong",
 "rgb565",
]

[[package]]
name = "miniz_oxide"
version = "0.9.0"
source = "registry+https://github.com/rust-lang/crates.io-index"
checksum = "5faa9f23e86bd5768d76def086192ff5f869fb088da12a976ea21e9796b975f6"
dependencies = [
 "adler2",
 "simd-adler32",
]

[[package]]
name = "parsenic"
version = "0.2.1"
source = "registry+https://github.com/rust-lang/crates.io-index"
checksum = "9c695d2b8bcf1dd62a5173a9c43e6ebbe9261701c002f9b462fc9690c144bb61"
dependencies = [
 "traitful",
]

[[package]]
name = "pix"
version = "0.14.0"
source = "registry+https://github.com/rust-lang/crates.io-index"
checksum = "1a054a84d1ff0dc456386e5fc081e099e6855ddcc8913dc9349c294d47d76bd4"

[[package]]
name = "png_pong"
version = "0.10.0"
source = "registry+https://github.com/rust-lang/crates.io-index"
checksum = "cb58df2a992d49a178fd69f8c9ead5d4c70014652cd4cca9608a1cb46097aff6"
dependencies = [
 "miniz_oxide",
 "parsenic",
 "pix",
 "simd-adler32",
 "traitful",
]

[[package]]
name = "proc-macro2"
version = "1.0.106"
source = "registry+https://github.com/rust-lang/crates.io-index"
checksum = "8fd00f0bb2e90d81d1044c2b32617f68fcb9fa3bb7640c23e9c748e53fb30934"
dependencies = [
 "unicode-ident",
]

[[package]]
name = "quote"
version = "1.0.44"
source = "registry+https://github.com/rust-lang/crates.io-index"
checksum = "21b2ebcf727b7760c461f091f9f0f539b77b8e87f2fd88131e7f1b433b3cece4"
dependencies = [
 "proc-macro2",
]

[[package]]
name = "rgb565"
version = "0.1.3"
source = "registry+https://github.com/rust-lang/crates.io-index"
checksum = "6d43e85498d0bb728f77a88b4313eaf4ed21673f3f8a05c36e835cf6c9c0d066"

[[package]]
name = "simd-adler32"
version = "0.3.8"
source = "registry+https://github.com/rust-lang/crates.io-index"
checksum = "e320a6c5ad31d271ad523dcf3ad13e2767ad8b1cb8f047f75a8aeaf8da139da2"

[[package]]
name = "syn"
version = "2.0.117"
source = "registry+https://github.com/rust-lang/crates.io-index"
checksum = "e665b8803e7b1d2a727f4023456bbbbe74da67099c585258af0ad9c5013b9b99"
dependencies = [
 "proc-macro2",
 "quote",
 "unicode-ident",
]

[[package]]
name = "traitful"
version = "0.3.0"
source = "registry+https://github.com/rust-lang/crates.io-index"
checksum = "d856e22ead1fb79b9fc3cec63300086f680924f2f7b0e2701f6835a28b9c4425"
dependencies = [
 "proc-macro2",
 "quote",
 "syn",
]

[[package]]
name = "unicode-ident"
version = "1.0.24"
source = "registry+https://github.com/rust-lang/crates.io-index"
checksum = "e6e4313cd5fcd3dad5cafa179702e2b244f760991f45397d14d4ebf38247da75"
